
Microsoft Visual Studio Solution File, Format Version 11.00
# Visual Studio 2010
Project("{8BC9CEB8-8B4A-11D0-8D11-00A0C91BC942}") = "taller", "taller\taller.vcxproj", "{7F0835AA-09C6-4149-9E9C-2971BA89956A}"
EndProject
Global
	GlobalSection(SolutionConfigurationPlatforms) = preSolution
		Debug|Win32 = Debug|Win32
		Release|Win32 = Release|Win32
	EndGlobalSection
	GlobalSection(ProjectConfigurationPlatforms) = postSolution
		{7F0835AA-09C6-4149-9E9C-2971BA89956A}.Debug|Win32.ActiveCfg = Debug|Win32
		{7F0835AA-09C6-4149-9E9C-2971BA89956A}.Debug|Win32.Build.0 = Debug|Win32
		{7F0835AA-09C6-4149-9E9C-2971BA89956A}.Release|Win32.ActiveCfg = Release|Win32
		{7F0835AA-09C6-4149-9E9C-2971BA89956A}.Release|Win32.Build.0 = Release|Win32
	EndGlobalSection
	GlobalSection(SolutionProperties) = preSolution
		HideSolutionNode = FALSE
	EndGlobalSection
EndGlobal
